// !$*UTF8*$!
{
	archiveVersion = 1;
	classes = {
	};
	objectVersion = 56;
	objects = {

/* Begin PBXBuildFile section */
		2C4DCC2629D9313D00A79D8E /* CustomWindow.swift in Sources */ = {isa = PBXBuildFile; fileRef = 2C4DCC2529D9313D00A79D8E /* CustomWindow.swift */; };
		2C4DCC2829D9315000A79D8E /* CustomWindowController.swift in Sources */ = {isa = PBXBuildFile; fileRef = 2C4DCC2729D9315000A79D8E /* CustomWindowController.swift */; };
		2CECA86629D92F6D00B0A907 /* AppDelegate.swift in Sources */ = {isa = PBXBuildFile; fileRef = 2CECA86529D92F6D00B0A907 /* AppDelegate.swift */; };
		2CECA86829D92F6D00B0A907 /* ViewController.swift in Sources */ = {isa = PBXBuildFile; fileRef = 2CECA86729D92F6D00B0A907 /* ViewController.swift */; };
		2CECA86A29D92F6E00B0A907 /* Assets.xcassets in Resources */ = {isa = PBXBuildFile; fileRef = 2CECA86929D92F6E00B0A907 /* Assets.xcassets */; };
		2CECA86D29D92F6E00B0A907 /* Main.storyboard in Resources */ = {isa = PBXBuildFile; fileRef = 2CECA86B29D92F6E00B0A907 /* Main.storyboard */; };
		2CECA87829D92F6E00B0A907 /* DiscourseInfernoTests.swift in Sources */ = {isa = PBXBuildFile; fileRef = 2CECA87729D92F6E00B0A907 /* DiscourseInfernoTests.swift */; };
		2CECA88229D92F6E00B0A907 /* DiscourseInfernoUITests.swift in Sources */ = {isa = PBXBuildFile; fileRef = 2CECA88129D92F6E00B0A907 /* DiscourseInfernoUITests.swift */; };
		2CECA88429D92F6E00B0A907 /* DiscourseInfernoUITestsLaunchTests.swift in Sources */ = {isa = PBXBuildFile; fileRef = 2CECA88329D92F6E00B0A907 /* DiscourseInfernoUITestsLaunchTests.swift */; };
		2CECA89129D9302800B0A907 /* WebView.swift in Sources */ = {isa = PBXBuildFile; fileRef = 2CECA89029D9302800B0A907 /* WebView.swift */; };
		2CECA89329D9304100B0A907 /* ContentView.swift in Sources */ = {isa = PBXBuildFile; fileRef = 2CECA89229D9304100B0A907 /* ContentView.swift */; };
/* End PBXBuildFile section */

/* Begin PBXContainerItemProxy section */
		2CECA87429D92F6E00B0A907 /* PBXContainerItemProxy */ = {
			isa = PBXContainerItemProxy;
			containerPortal = 2CECA85A29D92F6D00B0A907 /* Project object */;
			proxyType = 1;
			remoteGlobalIDString = 2CECA86129D92F6D00B0A907;
			remoteInfo = DiscourseInferno;
		};
		2CECA87E29D92F6E00B0A907 /* PBXContainerItemProxy */ = {
			isa = PBXContainerItemProxy;
			containerPortal = 2CECA85A29D92F6D00B0A907 /* Project object */;
			proxyType = 1;
			remoteGlobalIDString = 2CECA86129D92F6D00B0A907;
			remoteInfo = DiscourseInferno;
		};
/* End PBXContainerItemProxy section */

/* Begin PBXFileReference section */
		2C4DCC2529D9313D00A79D8E /* CustomWindow.swift */ = {isa = PBXFileReference; lastKnownFileType = sourcecode.swift; path = CustomWindow.swift; sourceTree = "<group>"; };
		2C4DCC2729D9315000A79D8E /* CustomWindowController.swift */ = {isa = PBXFileReference; lastKnownFileType = sourcecode.swift; path = CustomWindowController.swift; sourceTree = "<group>"; };
		2CECA86229D92F6D00B0A907 /* DiscourseInferno.app */ = {isa = PBXFileReference; explicitFileType = wrapper.application; includeInIndex = 0; path = DiscourseInferno.app; sourceTree = BUILT_PRODUCTS_DIR; };
		2CECA86529D92F6D00B0A907 /* AppDelegate.swift */ = {isa = PBXFileReference; lastKnownFileType = sourcecode.swift; path = AppDelegate.swift; sourceTree = "<group>"; };
		2CECA86729D92F6D00B0A907 /* ViewController.swift */ = {isa = PBXFileReference; lastKnownFileType = sourcecode.swift; path = ViewController.swift; sourceTree = "<group>"; };
		2CECA86929D92F6E00B0A907 /* Assets.xcassets */ = {isa = PBXFileReference; lastKnownFileType = folder.assetcatalog; path = Assets.xcassets; sourceTree = "<group>"; };
		2CECA86C29D92F6E00B0A907 /* Base */ = {isa = PBXFileReference; lastKnownFileType = file.storyboard; name = Base; path = Base.lproj/Main.storyboard; sourceTree = "<group>"; };
		2CECA86E29D92F6E00B0A907 /* DiscourseInferno.entitlements */ = {isa = PBXFileReference; lastKnownFileType = text.plist.entitlements; path = DiscourseInferno.entitlements; sourceTree = "<group>"; };
		2CECA87329D92F6E00B0A907 /* DiscourseInfernoTests.xctest */ = {isa = PBXFileReference; explicitFileType = wrapper.cfbundle; includeInIndex = 0; path = DiscourseInfernoTests.xctest; sourceTree = BUILT_PRODUCTS_DIR; };
		2CECA87729D92F6E00B0A907 /* DiscourseInfernoTests.swift */ = {isa = PBXFileReference; lastKnownFileType = sourcecode.swift; path = DiscourseInfernoTests.swift; sourceTree = "<group>"; };
		2CECA87D29D92F6E00B0A907 /* DiscourseInfernoUITests.xctest */ = {isa = PBXFileReference; explicitFileType = wrapper.cfbundle; includeInIndex = 0; path = DiscourseInfernoUITests.xctest; sourceTree = BUILT_PRODUCTS_DIR; };
		2CECA88129D92F6E00B0A907 /* DiscourseInfernoUITests.swift */ = {isa = PBXFileReference; lastKnownFileType = sourcecode.swift; path = DiscourseInfernoUITests.swift; sourceTree = "<group>"; };
		2CECA88329D92F6E00B0A907 /* DiscourseInfernoUITestsLaunchTests.swift */ = {isa = PBXFileReference; lastKnownFileType = sourcecode.swift; path = DiscourseInfernoUITestsLaunchTests.swift; sourceTree = "<group>"; };
		2CECA89029D9302800B0A907 /* WebView.swift */ = {isa = PBXFileReference; lastKnownFileType = sourcecode.swift; path = WebView.swift; sourceTree = "<group>"; };
		2CECA89229D9304100B0A907 /* ContentView.swift */ = {isa = PBXFileReference; lastKnownFileType = sourcecode.swift; path = ContentView.swift; sourceTree = "<group>"; };
/* End PBXFileReference section */

/* Begin PBXFrameworksBuildPhase section */
		2CECA85F29D92F6D00B0A907 /* Frameworks */ = {
			isa = PBXFrameworksBuildPhase;
			buildActionMask = 2147483647;
			files = (
			);
			runOnlyForDeploymentPostprocessing = 0;
		};
		2CECA87029D92F6E00B0A907 /* Frameworks */ = {
			isa = PBXFrameworksBuildPhase;
			buildActionMask = 2147483647;
			files = (
			);
			runOnlyForDeploymentPostprocessing = 0;
		};
		2CECA87A29D92F6E00B0A907 /* Frameworks */ = {
			isa = PBXFrameworksBuildPhase;
			buildActionMask = 2147483647;
			files = (
			);
			runOnlyForDeploymentPostprocessing = 0;
		};
/* End PBXFrameworksBuildPhase section */

/* Begin PBXGroup section */
		2CECA85929D92F6D00B0A907 = {
			isa = PBXGroup;
			children = (
				2CECA86429D92F6D00B0A907 /* DiscourseInferno */,
				2CECA87629D92F6E00B0A907 /* DiscourseInfernoTests */,
				2CECA88029D92F6E00B0A907 /* DiscourseInfernoUITests */,
				2CECA86329D92F6D00B0A907 /* Products */,
			);
			sourceTree = "<group>";
		};
		2CECA86329D92F6D00B0A907 /* Products */ = {
			isa = PBXGroup;
			children = (
				2CECA86229D92F6D00B0A907 /* DiscourseInferno.app */,
				2CECA87329D92F6E00B0A907 /* DiscourseInfernoTests.xctest */,
				2CECA87D29D92F6E00B0A907 /* DiscourseInfernoUITests.xctest */,
			);
			name = Products;
			sourceTree = "<group>";
		};
		2CECA86429D92F6D00B0A907 /* DiscourseInferno */ = {
			isa = PBXGroup;
			children = (
				2CECA86529D92F6D00B0A907 /* AppDelegate.swift */,
				2CECA86729D92F6D00B0A907 /* ViewController.swift */,
				2CECA86929D92F6E00B0A907 /* Assets.xcassets */,
				2CECA86B29D92F6E00B0A907 /* Main.storyboard */,
				2CECA86E29D92F6E00B0A907 /* DiscourseInferno.entitlements */,
				2CECA89029D9302800B0A907 /* WebView.swift */,
				2CECA89229D9304100B0A907 /* ContentView.swift */,
				2C4DCC2529D9313D00A79D8E /* CustomWindow.swift */,
				2C4DCC2729D9315000A79D8E /* CustomWindowController.swift */,
			);
			path = DiscourseInferno;
			sourceTree = "<group>";
		};
		2CECA87629D92F6E00B0A907 /* DiscourseInfernoTests */ = {
			isa = PBXGroup;
			children = (
				2CECA87729D92F6E00B0A907 /* DiscourseInfernoTests.swift */,
			);
			path = DiscourseInfernoTests;
			sourceTree = "<group>";
		};
		2CECA88029D92F6E00B0A907 /* DiscourseInfernoUITests */ = {
			isa = PBXGroup;
			children = (
				2CECA88129D92F6E00B0A907 /* DiscourseInfernoUITests.swift */,
				2CECA88329D92F6E00B0A907 /* DiscourseInfernoUITestsLaunchTests.swift */,
			);
			path = DiscourseInfernoUITests;
			sourceTree = "<group>";
		};
/* End PBXGroup section */

/* Begin PBXNativeTarget section */
		2CECA86129D92F6D00B0A907 /* DiscourseInferno */ = {
			isa = PBXNativeTarget;
			buildConfigurationList = 2CECA88729D92F6E00B0A907 /* Build configuration list for PBXNativeTarget "DiscourseInferno" */;
			buildPhases = (
				2CECA85E29D92F6D00B0A907 /* Sources */,
				2CECA85F29D92F6D00B0A907 /* Frameworks */,
				2CECA86029D92F6D00B0A907 /* Resources */,
			);
			buildRules = (
			);
			dependencies = (
			);
			name = DiscourseInferno;
			productName = DiscourseInferno;
			productReference = 2CECA86229D92F6D00B0A907 /* DiscourseInferno.app */;
			productType = "com.apple.product-type.application";
		};
		2CECA87229D92F6E00B0A907 /* DiscourseInfernoTests */ = {
			isa = PBXNativeTarget;
			buildConfigurationList = 2CECA88A29D92F6E00B0A907 /* Build configuration list for PBXNativeTarget "DiscourseInfernoTests" */;
			buildPhases = (
				2CECA86F29D92F6E00B0A907 /* Sources */,
				2CECA87029D92F6E00B0A907 /* Frameworks */,
				2CECA87129D92F6E00B0A907 /* Resources */,
			);
			buildRules = (
			);
			dependencies = (
				2CECA87529D92F6E00B0A907 /* PBXTargetDependency */,
			);
			name = DiscourseInfernoTests;
			productName = DiscourseInfernoTests;
			productReference = 2CECA87329D92F6E00B0A907 /* DiscourseInfernoTests.xctest */;
			productType = "com.apple.product-type.bundle.unit-test";
		};
		2CECA87C29D92F6E00B0A907 /* DiscourseInfernoUITests */ = {
			isa = PBXNativeTarget;
			buildConfigurationList = 2CECA88D29D92F6E00B0A907 /* Build configuration list for PBXNativeTarget "DiscourseInfernoUITests" */;
			buildPhases = (
				2CECA87929D92F6E00B0A907 /* Sources */,
				2CECA87A29D92F6E00B0A907 /* Frameworks */,
				2CECA87B29D92F6E00B0A907 /* Resources */,
			);
			buildRules = (
			);
			dependencies = (
				2CECA87F29D92F6E00B0A907 /* PBXTargetDependency */,
			);
			name = DiscourseInfernoUITests;
			productName = DiscourseInfernoUITests;
			productReference = 2CECA87D29D92F6E00B0A907 /* DiscourseInfernoUITests.xctest */;
			productType = "com.apple.product-type.bundle.ui-testing";
		};
/* End PBXNativeTarget section */

/* Begin PBXProject section */
		2CECA85A29D92F6D00B0A907 /* Project object */ = {
			isa = PBXProject;
			attributes = {
				BuildIndependentTargetsInParallel = 1;
				LastSwiftUpdateCheck = 1430;
				LastUpgradeCheck = 1430;
				TargetAttributes = {
					2CECA86129D92F6D00B0A907 = {
						CreatedOnToolsVersion = 14.3;
					};
					2CECA87229D92F6E00B0A907 = {
						CreatedOnToolsVersion = 14.3;
						TestTargetID = 2CECA86129D92F6D00B0A907;
					};
					2CECA87C29D92F6E00B0A907 = {
						CreatedOnToolsVersion = 14.3;
						TestTargetID = 2CECA86129D92F6D00B0A907;
					};
				};
			};
			buildConfigurationList = 2CECA85D29D92F6D00B0A907 /* Build configuration list for PBXProject "DiscourseInferno" */;
			compatibilityVersion = "Xcode 14.0";
			developmentRegion = en;
			hasScannedForEncodings = 0;
			knownRegions = (
				en,
				Base,
			);
			mainGroup = 2CECA85929D92F6D00B0A907;
			productRefGroup = 2CECA86329D92F6D00B0A907 /* Products */;
			projectDirPath = "";
			projectRoot = "";
			targets = (
				2CECA86129D92F6D00B0A907 /* DiscourseInferno */,
				2CECA87229D92F6E00B0A907 /* DiscourseInfernoTests */,
				2CECA87C29D92F6E00B0A907 /* DiscourseInfernoUITests */,
			);
		};
/* End PBXProject section */

/* Begin PBXResourcesBuildPhase section */
		2CECA86029D92F6D00B0A907 /* Resources */ = {
			isa = PBXResourcesBuildPhase;
			buildActionMask = 2147483647;
			files = (
				2CECA86A29D92F6E00B0A907 /* Assets.xcassets in Resources */,
				2CECA86D29D92F6E00B0A907 /* Main.storyboard in Resources */,
			);
			runOnlyForDeploymentPostprocessing = 0;
		};
		2CECA87129D92F6E00B0A907 /* Resources */ = {
			isa = PBXResourcesBuildPhase;
			buildActionMask = 2147483647;
			files = (
			);
			runOnlyForDeploymentPostprocessing = 0;
		};
		2CECA87B29D92F6E00B0A907 /* Resources */ = {
			isa = PBXResourcesBuildPhase;
			buildActionMask = 2147483647;
			files = (
			);
			runOnlyForDeploymentPostprocessing = 0;
		};
/* End PBXResourcesBuildPhase section */

/* Begin PBXSourcesBuildPhase section */
		2CECA85E29D92F6D00B0A907 /* Sources */ = {
			isa = PBXSourcesBuildPhase;
			buildActionMask = 2147483647;
			files = (
				2CECA89129D9302800B0A907 /* WebView.swift in Sources */,
				2CECA86829D92F6D00B0A907 /* ViewController.swift in Sources */,
				2C4DCC2829D9315000A79D8E /* CustomWindowController.swift in Sources */,
				2CECA89329D9304100B0A907 /* ContentView.swift in Sources */,
				2C4DCC2629D9313D00A79D8E /* CustomWindow.swift in Sources */,
				2CECA86629D92F6D00B0A907 /* AppDelegate.swift in Sources */,
			);
			runOnlyForDeploymentPostprocessing = 0;
		};
		2CECA86F29D92F6E00B0A907 /* Sources */ = {
			isa = PBXSourcesBuildPhase;
			buildActionMask = 2147483647;
			files = (
				2CECA87829D92F6E00B0A907 /* DiscourseInfernoTests.swift in Sources */,
			);
			runOnlyForDeploymentPostprocessing = 0;
		};
		2CECA87929D92F6E00B0A907 /* Sources */ = {
			isa = PBXSourcesBuildPhase;
			buildActionMask = 2147483647;
			files = (
				2CECA88429D92F6E00B0A907 /* DiscourseInfernoUITestsLaunchTests.swift in Sources */,
				2CECA88229D92F6E00B0A907 /* DiscourseInfernoUITests.swift in Sources */,
			);
			runOnlyForDeploymentPostprocessing = 0;
		};
/* End PBXSourcesBuildPhase section */

/* Begin PBXTargetDependency section */
		2CECA87529D92F6E00B0A907 /* PBXTargetDependency */ = {
			isa = PBXTargetDependency;
			target = 2CECA86129D92F6D00B0A907 /* DiscourseInferno */;
			targetProxy = 2CECA87429D92F6E00B0A907 /* PBXContainerItemProxy */;
		};
		2CECA87F29D92F6E00B0A907 /* PBXTargetDependency */ = {
			isa = PBXTargetDependency;
			target = 2CECA86129D92F6D00B0A907 /* DiscourseInferno */;
			targetProxy = 2CECA87E29D92F6E00B0A907 /* PBXContainerItemProxy */;
		};
/* End PBXTargetDependency section */

/* Begin PBXVariantGroup section */
		2CECA86B29D92F6E00B0A907 /* Main.storyboard */ = {
			isa = PBXVariantGroup;
			children = (
				2CECA86C29D92F6E00B0A907 /* Base */,
			);
			name = Main.storyboard;
			sourceTree = "<group>";
		};
/* End PBXVariantGroup section */

/* Begin XCBuildConfiguration section */
		2CECA88529D92F6E00B0A907 /* Debug */ = {
			isa = XCBuildConfiguration;
			buildSettings = {
				ALWAYS_SEARCH_USER_PATHS = NO;
				CLANG_ANALYZER_NONNULL = YES;
				CLANG_ANALYZER_NUMBER_OBJECT_CONVERSION = YES_AGGRESSIVE;
				CLANG_CXX_LANGUAGE_STANDARD = "gnu++20";
				CLANG_ENABLE_MODULES = YES;
				CLANG_ENABLE_OBJC_ARC = YES;
				CLANG_ENABLE_OBJC_WEAK = YES;
				CLANG_WARN_BLOCK_CAPTURE_AUTORELEASING = YES;
				CLANG_WARN_BOOL_CONVERSION = YES;
				CLANG_WARN_COMMA = YES;
				CLANG_WARN_CONSTANT_CONVERSION = YES;
				CLANG_WARN_DEPRECATED_OBJC_IMPLEMENTATIONS = YES;
				CLANG_WARN_DIRECT_OBJC_ISA_USAGE = YES_ERROR;
				CLANG_WARN_DOCUMENTATION_COMMENTS = YES;
				CLANG_WARN_EMPTY_BODY = YES;
				CLANG_WARN_ENUM_CONVERSION = YES;
				CLANG_WARN_INFINITE_RECURSION = YES;
				CLANG_WARN_INT_CONVERSION = YES;
				CLANG_WARN_NON_LITERAL_NULL_CONVERSION = YES;
				CLANG_WARN_OBJC_IMPLICIT_RETAIN_SELF = YES;
				CLANG_WARN_OBJC_LITERAL_CONVERSION = YES;
				CLANG_WARN_OBJC_ROOT_CLASS = YES_ERROR;
				CLANG_WARN_QUOTED_INCLUDE_IN_FRAMEWORK_HEADER = YES;
				CLANG_WARN_RANGE_LOOP_ANALYSIS = YES;
				CLANG_WARN_STRICT_PROTOTYPES = YES;
				CLANG_WARN_SUSPICIOUS_MOVE = YES;
				CLANG_WARN_UNGUARDED_AVAILABILITY = YES_AGGRESSIVE;
				CLANG_WARN_UNREACHABLE_CODE = YES;
				CLANG_WARN__DUPLICATE_METHOD_MATCH = YES;
				COPY_PHASE_STRIP = NO;
				DEBUG_INFORMATION_FORMAT = dwarf;
				ENABLE_STRICT_OBJC_MSGSEND = YES;
				ENABLE_TESTABILITY = YES;
				GCC_C_LANGUAGE_STANDARD = gnu11;
				GCC_DYNAMIC_NO_PIC = NO;
				GCC_NO_COMMON_BLOCKS = YES;
				GCC_OPTIMIZATION_LEVEL = 0;
				GCC_PREPROCESSOR_DEFINITIONS = (
					"DEBUG=1",
					"$(inherited)",
				);
				GCC_WARN_64_TO_32_BIT_CONVERSION = YES;
				GCC_WARN_ABOUT_RETURN_TYPE = YES_ERROR;
				GCC_WARN_UNDECLARED_SELECTOR = YES;
				GCC_WARN_UNINITIALIZED_AUTOS = YES_AGGRESSIVE;
				GCC_WARN_UNUSED_FUNCTION = YES;
				GCC_WARN_UNUSED_VARIABLE = YES;
				MACOSX_DEPLOYMENT_TARGET = 13.3;
				MTL_ENABLE_DEBUG_INFO = INCLUDE_SOURCE;
				MTL_FAST_MATH = YES;
				ONLY_ACTIVE_ARCH = YES;
				SDKROOT = macosx;
				SWIFT_ACTIVE_COMPILATION_CONDITIONS = DEBUG;
				SWIFT_OPTIMIZATION_LEVEL = "-Onone";
			};
			name = Debug;
		};
		2CECA88629D92F6E00B0A907 /* Release */ = {
			isa = XCBuildConfiguration;
			buildSettings = {
				ALWAYS_SEARCH_USER_PATHS = NO;
				CLANG_ANALYZER_NONNULL = YES;
				CLANG_ANALYZER_NUMBER_OBJECT_CONVERSION = YES_AGGRESSIVE;
				CLANG_CXX_LANGUAGE_STANDARD = "gnu++20";
				CLANG_ENABLE_MODULES = YES;
				CLANG_ENABLE_OBJC_ARC = YES;
				CLANG_ENABLE_OBJC_WEAK = YES;
				CLANG_WARN_BLOCK_CAPTURE_AUTORELEASING = YES;
				CLANG_WARN_BOOL_CONVERSION = YES;
				CLANG_WARN_COMMA = YES;
				CLANG_WARN_CONSTANT_CONVERSION = YES;
				CLANG_WARN_DEPRECATED_OBJC_IMPLEMENTATIONS = YES;
				CLANG_WARN_DIRECT_OBJC_ISA_USAGE = YES_ERROR;
				CLANG_WARN_DOCUMENTATION_COMMENTS = YES;
				CLANG_WARN_EMPTY_BODY = YES;
				CLANG_WARN_ENUM_CONVERSION = YES;
				CLANG_WARN_INFINITE_RECURSION = YES;
				CLANG_WARN_INT_CONVERSION = YES;
				CLANG_WARN_NON_LITERAL_NULL_CONVERSION = YES;
				CLANG_WARN_OBJC_IMPLICIT_RETAIN_SELF = YES;
				CLANG_WARN_OBJC_LITERAL_CONVERSION = YES;
				CLANG_WARN_OBJC_ROOT_CLASS = YES_ERROR;
				CLANG_WARN_QUOTED_INCLUDE_IN_FRAMEWORK_HEADER = YES;
				CLANG_WARN_RANGE_LOOP_ANALYSIS = YES;
				CLANG_WARN_STRICT_PROTOTYPES = YES;
				CLANG_WARN_SUSPICIOUS_MOVE = YES;
				CLANG_WARN_UNGUARDED_AVAILABILITY = YES_AGGRESSIVE;
				CLANG_WARN_UNREACHABLE_CODE = YES;
				CLANG_WARN__DUPLICATE_METHOD_MATCH = YES;
				COPY_PHASE_STRIP = NO;
				DEBUG_INFORMATION_FORMAT = "dwarf-with-dsym";
				ENABLE_NS_ASSERTIONS = NO;
				ENABLE_STRICT_OBJC_MSGSEND = YES;
				GCC_C_LANGUAGE_STANDARD = gnu11;
				GCC_NO_COMMON_BLOCKS = YES;
				GCC_WARN_64_TO_32_BIT_CONVERSION = YES;
				GCC_WARN_ABOUT_RETURN_TYPE = YES_ERROR;
				GCC_WARN_UNDECLARED_SELECTOR = YES;
				GCC_WARN_UNINITIALIZED_AUTOS = YES_AGGRESSIVE;
				GCC_WARN_UNUSED_FUNCTION = YES;
				GCC_WARN_UNUSED_VARIABLE = YES;
				MACOSX_DEPLOYMENT_TARGET = 13.3;
				MTL_ENABLE_DEBUG_INFO = NO;
				MTL_FAST_MATH = YES;
				SDKROOT = macosx;
				SWIFT_COMPILATION_MODE = wholemodule;
				SWIFT_OPTIMIZATION_LEVEL = "-O";
			};
			name = Release;
		};
		2CECA88829D92F6E00B0A907 /* Debug */ = {
			isa = XCBuildConfiguration;
			buildSettings = {
				ASSETCATALOG_COMPILER_APPICON_NAME = AppIcon;
				ASSETCATALOG_COMPILER_GLOBAL_ACCENT_COLOR_NAME = AccentColor;
				CODE_SIGN_ENTITLEMENTS = DiscourseInferno/DiscourseInferno.entitlements;
				CODE_SIGN_STYLE = Automatic;
				COMBINE_HIDPI_IMAGES = YES;
				CURRENT_PROJECT_VERSION = 1;
				GENERATE_INFOPLIST_FILE = YES;
				INFOPLIST_KEY_NSHumanReadableCopyright = "";
				INFOPLIST_KEY_NSMainStoryboardFile = Main;
				INFOPLIST_KEY_NSPrincipalClass = NSApplication;
				LD_RUNPATH_SEARCH_PATHS = (
					"$(inherited)",
					"@executable_path/../Frameworks",
				);
				MARKETING_VERSION = 1.0;
				PRODUCT_BUNDLE_IDENTIFIER = com.kevinconner.DiscourseInferno;
				PRODUCT_NAME = "$(TARGET_NAME)";
				SWIFT_EMIT_LOC_STRINGS = YES;
				SWIFT_VERSION = 5.0;
			};
			name = Debug;
		};
		2CECA88929D92F6E00B0A907 /* Release */ = {
			isa = XCBuildConfiguration;
			buildSettings = {
				ASSETCATALOG_COMPILER_APPICON_NAME = AppIcon;
				ASSETCATALOG_COMPILER_GLOBAL_ACCENT_COLOR_NAME = AccentColor;
				CODE_SIGN_ENTITLEMENTS = DiscourseInferno/DiscourseInferno.entitlements;
				CODE_SIGN_STYLE = Automatic;
				COMBINE_HIDPI_IMAGES = YES;
				CURRENT_PROJECT_VERSION = 1;
				GENERATE_INFOPLIST_FILE = YES;
				INFOPLIST_KEY_NSHumanReadableCopyright = "";
				INFOPLIST_KEY_NSMainStoryboardFile = Main;
				INFOPLIST_KEY_NSPrincipalClass = NSApplication;
				LD_RUNPATH_SEARCH_PATHS = (
					"$(inherited)",
					"@executable_path/../Frameworks",
				);
				MARKETING_VERSION = 1.0;
				PRODUCT_BUNDLE_IDENTIFIER = com.kevinconner.DiscourseInferno;
				PRODUCT_NAME = "$(TARGET_NAME)";
				SWIFT_EMIT_LOC_STRINGS = YES;
				SWIFT_VERSION = 5.0;
			};
			name = Release;
		};
		2CECA88B29D92F6E00B0A907 /* Debug */ = {
			isa = XCBuildConfiguration;
			buildSettings = {
				ALWAYS_EMBED_SWIFT_STANDARD_LIBRARIES = YES;
				BUNDLE_LOADER = "$(TEST_HOST)";
				CODE_SIGN_STYLE = Automatic;
				CURRENT_PROJECT_VERSION = 1;
				GENERATE_INFOPLIST_FILE = YES;
				MACOSX_DEPLOYMENT_TARGET = 13.3;
				MARKETING_VERSION = 1.0;
				PRODUCT_BUNDLE_IDENTIFIER = com.kevinconner.DiscourseInfernoTests;
				PRODUCT_NAME = "$(TARGET_NAME)";
				SWIFT_EMIT_LOC_STRINGS = NO;
				SWIFT_VERSION = 5.0;
				TEST_HOST = "$(BUILT_PRODUCTS_DIR)/DiscourseInferno.app/$(BUNDLE_EXECUTABLE_FOLDER_PATH)/DiscourseInferno";
			};
			name = Debug;
		};
		2CECA88C29D92F6E00B0A907 /* Release */ = {
			isa = XCBuildConfiguration;
			buildSettings = {
				ALWAYS_EMBED_SWIFT_STANDARD_LIBRARIES = YES;
				BUNDLE_LOADER = "$(TEST_HOST)";
				CODE_SIGN_STYLE = Automatic;
				CURRENT_PROJECT_VERSION = 1;
				GENERATE_INFOPLIST_FILE = YES;
				MACOSX_DEPLOYMENT_TARGET = 13.3;
				MARKETING_VERSION = 1.0;
				PRODUCT_BUNDLE_IDENTIFIER = com.kevinconner.DiscourseInfernoTests;
				PRODUCT_NAME = "$(TARGET_NAME)";
				SWIFT_EMIT_LOC_STRINGS = NO;
				SWIFT_VERSION = 5.0;
				TEST_HOST = "$(BUILT_PRODUCTS_DIR)/DiscourseInferno.app/$(BUNDLE_EXECUTABLE_FOLDER_PATH)/DiscourseInferno";
			};
			name = Release;
		};
		2CECA88E29D92F6E00B0A907 /* Debug */ = {
			isa = XCBuildConfiguration;
			buildSettings = {
				ALWAYS_EMBED_SWIFT_STANDARD_LIBRARIES = YES;
				CODE_SIGN_STYLE = Automatic;
				CURRENT_PROJECT_VERSION = 1;
				GENERATE_INFOPLIST_FILE = YES;
				MARKETING_VERSION = 1.0;
				PRODUCT_BUNDLE_IDENTIFIER = com.kevinconner.DiscourseInfernoUITests;
				PRODUCT_NAME = "$(TARGET_NAME)";
				SWIFT_EMIT_LOC_STRINGS = NO;
				SWIFT_VERSION = 5.0;
				TEST_TARGET_NAME = DiscourseInferno;
			};
			name = Debug;
		};
		2CECA88F29D92F6E00B0A907 /* Release */ = {
			isa = XCBuildConfiguration;
			buildSettings = {
				ALWAYS_EMBED_SWIFT_STANDARD_LIBRARIES = YES;
				CODE_SIGN_STYLE = Automatic;
				CURRENT_PROJECT_VERSION = 1;
				GENERATE_INFOPLIST_FILE = YES;
				MARKETING_VERSION = 1.0;
				PRODUCT_BUNDLE_IDENTIFIER = com.kevinconner.DiscourseInfernoUITests;
				PRODUCT_NAME = "$(TARGET_NAME)";
				SWIFT_EMIT_LOC_STRINGS = NO;
				SWIFT_VERSION = 5.0;
				TEST_TARGET_NAME = DiscourseInferno;
			};
			name = Release;
		};
/* End XCBuildConfiguration section */

/* Begin XCConfigurationList section */
		2CECA85D29D92F6D00B0A907 /* Build configuration list for PBXProject "DiscourseInferno" */ = {
			isa = XCConfigurationList;
			buildConfigurations = (
				2CECA88529D92F6E00B0A907 /* Debug */,
				2CECA88629D92F6E00B0A907 /* Release */,
			);
			defaultConfigurationIsVisible = 0;
			defaultConfigurationName = Release;
		};
		2CECA88729D92F6E00B0A907 /* Build configuration list for PBXNativeTarget "DiscourseInferno" */ = {
			isa = XCConfigurationList;
			buildConfigurations = (
				2CECA88829D92F6E00B0A907 /* Debug */,
				2CECA88929D92F6E00B0A907 /* Release */,
			);
			defaultConfigurationIsVisible = 0;
			defaultConfigurationName = Release;
		};
		2CECA88A29D92F6E00B0A907 /* Build configuration list for PBXNativeTarget "DiscourseInfernoTests" */ = {
			isa = XCConfigurationList;
			buildConfigurations = (
				2CECA88B29D92F6E00B0A907 /* Debug */,
				2CECA88C29D92F6E00B0A907 /* Release */,
			);
			defaultConfigurationIsVisible = 0;
			defaultConfigurationName = Release;
		};
		2CECA88D29D92F6E00B0A907 /* Build configuration list for PBXNativeTarget "DiscourseInfernoUITests" */ = {
			isa = XCConfigurationList;
			buildConfigurations = (
				2CECA88E29D92F6E00B0A907 /* Debug */,
				2CECA88F29D92F6E00B0A907 /* Release */,
			);
			defaultConfigurationIsVisible = 0;
			defaultConfigurationName = Release;
		};
/* End XCConfigurationList section */
	};
	rootObject = 2CECA85A29D92F6D00B0A907 /* Project object */;
}
